
Microsoft Visual Studio Solution File, Format Version 12.00
# Visual Studio 15
Project("{FAE04EC0-301F-11D3-BF4B-00C04F79EFBC}") = "Assembly-CSharp", "Assembly-CSharp.csproj", "{1622B395-3B79-E2A3-2E1A-FDEE79EE5687}"
EndProject
Project("{FAE04EC0-301F-11D3-BF4B-00C04F79EFBC}") = "Assembly-CSharp-Editor", "Assembly-CSharp-Editor.csproj", "{657E09CA-3032-44BB-260D-0C2AC1D66A7F}"
EndProject
Global
	GlobalSection(SolutionConfigurationPlatforms) = preSolution
		Debug|Any CPU = Debug|Any CPU
		Release|Any CPU = Release|Any CPU
	EndGlobalSection
	GlobalSection(ProjectConfigurationPlatforms) = postSolution
		{1622B395-3B79-E2A3-2E1A-FDEE79EE5687}.Debug|Any CPU.ActiveCfg = Debug|Any CPU
		{1622B395-3B79-E2A3-2E1A-FDEE79EE5687}.Debug|Any CPU.Build.0 = Debug|Any CPU
		{1622B395-3B79-E2A3-2E1A-FDEE79EE5687}.Release|Any CPU.ActiveCfg = Release|Any CPU
		{1622B395-3B79-E2A3-2E1A-FDEE79EE5687}.Release|Any CPU.Build.0 = Release|Any CPU
		{657E09CA-3032-44BB-260D-0C2AC1D66A7F}.Debug|Any CPU.ActiveCfg = Debug|Any CPU
		{657E09CA-3032-44BB-260D-0C2AC1D66A7F}.Debug|Any CPU.Build.0 = Debug|Any CPU
		{657E09CA-3032-44BB-260D-0C2AC1D66A7F}.Release|Any CPU.ActiveCfg = Release|Any CPU
		{657E09CA-3032-44BB-260D-0C2AC1D66A7F}.Release|Any CPU.Build.0 = Release|Any CPU
	EndGlobalSection
	GlobalSection(SolutionProperties) = preSolution
		HideSolutionNode = FALSE
	EndGlobalSection
EndGlobal
